
Microsoft Visual Studio Solution File, Format Version 12.00
# Visual Studio Version 17
VisualStudioVersion = 17.8.34322.80
MinimumVisualStudioVersion = 10.0.40219.1
Project("{FAE04EC0-301F-11D3-BF4B-00C04F79EFBC}") = "WinFormsApp1(24,01,26)", "WinFormsApp1(24,01,26)\WinFormsApp1(24,01,26).csproj", "{531F60AC-F421-44B7-99F7-0E7AB976262E}"
EndProject
Global
	GlobalSection(SolutionConfigurationPlatforms) = preSolution
		Debug|Any CPU = Debug|Any CPU
		Release|Any CPU = Release|Any CPU
	EndGlobalSection
	GlobalSection(ProjectConfigurationPlatforms) = postSolution
		{531F60AC-F421-44B7-99F7-0E7AB976262E}.Debug|Any CPU.ActiveCfg = Debug|Any CPU
		{531F60AC-F421-44B7-99F7-0E7AB976262E}.Debug|Any CPU.Build.0 = Debug|Any CPU
		{531F60AC-F421-44B7-99F7-0E7AB976262E}.Release|Any CPU.ActiveCfg = Release|Any CPU
		{531F60AC-F421-44B7-99F7-0E7AB976262E}.Release|Any CPU.Build.0 = Release|Any CPU
	EndGlobalSection
	GlobalSection(SolutionProperties) = preSolution
		HideSolutionNode = FALSE
	EndGlobalSection
	GlobalSection(ExtensibilityGlobals) = postSolution
		SolutionGuid = {3C37BBF5-1DFB-4A4D-B1A1-9F4F0AAE0A50}
	EndGlobalSection
EndGlobal
